
Microsoft Visual Studio Solution File, Format Version 12.00
# Visual Studio 14
VisualStudioVersion = 14.0.23107.0
MinimumVisualStudioVersion = 10.0.40219.1
Project("{FAE04EC0-301F-11D3-BF4B-00C04F79EFBC}") = "GroupDocs.Samples.ImageSignature.PdfFiles", "GroupDocs.ImageSignature.PdfFiles\GroupDocs.Samples.ImageSignature.PdfFiles.csproj", "{30881833-F596-49C8-96E1-B46811A832F1}"
EndProject
Project("{FAE04EC0-301F-11D3-BF4B-00C04F79EFBC}") = "GroupDocs.Samples.ImageSignature.CellsFiles", "GroupDocs.ImageSignature.CellsFiles\GroupDocs.Samples.ImageSignature.CellsFiles.csproj", "{1EA97DF6-FE61-4169-8521-BBF3ACD492F0}"
EndProject
Project("{FAE04EC0-301F-11D3-BF4B-00C04F79EFBC}") = "GroupDocs.Samples.ImageSignature.WordsFiles", "GroupDocs.ImageSignature.WordsFiles\GroupDocs.Samples.ImageSignature.WordsFiles.csproj", "{91B4E7B2-4165-4DE5-B691-B4104AFE09B5}"
EndProject
Project("{FAE04EC0-301F-11D3-BF4B-00C04F79EFBC}") = "GroupDocs.Samples.DigitalSignature.PdfFiles", "GroupDocs.DigitalSignature.PdfFiles\GroupDocs.Samples.DigitalSignature.PdfFiles.csproj", "{6EFDD864-BF03-4BBA-9A75-617EF94B282B}"
EndProject
Project("{FAE04EC0-301F-11D3-BF4B-00C04F79EFBC}") = "GroupDocs.Samples.DigitalSignature.WordsFiles", "GroupDocs.DigitalSignature.WordsFiles\GroupDocs.Samples.DigitalSignature.WordsFiles.csproj", "{C1872F5B-28AC-4432-BAA2-D211774AC1DB}"
EndProject
Project("{FAE04EC0-301F-11D3-BF4B-00C04F79EFBC}") = "GroupDocs.Samples.ImageSignature.PowerPointFiles", "GroupDocs.ImageSignature.PowerPointFiles\GroupDocs.Samples.ImageSignature.PowerPointFiles.csproj", "{42A87FD7-E30D-4424-A3DA-2AF1C5D065BA}"
EndProject
Project("{FAE04EC0-301F-11D3-BF4B-00C04F79EFBC}") = "GroupDocs.Samples.DigitalSignature.CellsFiles", "GroupDocs.DigitalSignature.CellsFiles\GroupDocs.Samples.DigitalSignature.CellsFiles.csproj", "{4757B48D-0046-4351-BD2E-F1D8D6AFE1D2}"
EndProject
Project("{FAE04EC0-301F-11D3-BF4B-00C04F79EFBC}") = "GroupDocs.Samples.TextSignature.WordsFiles", "GroupDocs.TextSignature.WordsFiles\GroupDocs.Samples.TextSignature.WordsFiles.csproj", "{AAFBC5A8-F55F-45B8-9388-626EA3DA0851}"
EndProject
Project("{FAE04EC0-301F-11D3-BF4B-00C04F79EFBC}") = "GroupDocs.Samples.TextSignature.PowerPointFiles", "GroupDocs.TextSignature.PowerPointFiles\GroupDocs.Samples.TextSignature.PowerPointFiles.csproj", "{2C4100DA-5AFB-4201-862F-6C28AE7679FA}"
EndProject
Project("{FAE04EC0-301F-11D3-BF4B-00C04F79EFBC}") = "GroupDocs.Samples.TextSignature.CellsFiles", "GroupDocs.TextSignature.CellsFiles\GroupDocs.Samples.TextSignature.CellsFiles.csproj", "{EC0D42B8-31F4-4921-8166-0B7FEE6BF761}"
EndProject
Project("{FAE04EC0-301F-11D3-BF4B-00C04F79EFBC}") = "GroupDocs.Samples.TextSignature.PdfFiles", "GroupDocs.TextSignature.PdfFiles\GroupDocs.Samples.TextSignature.PdfFiles.csproj", "{04993293-7CE1-43EF-AE17-DFA20A484F62}"
EndProject
Global
	GlobalSection(SolutionConfigurationPlatforms) = preSolution
		Debug|Any CPU = Debug|Any CPU
		Release|Any CPU = Release|Any CPU
	EndGlobalSection
	GlobalSection(ProjectConfigurationPlatforms) = postSolution
		{30881833-F596-49C8-96E1-B46811A832F1}.Debug|Any CPU.ActiveCfg = Debug|Any CPU
		{30881833-F596-49C8-96E1-B46811A832F1}.Debug|Any CPU.Build.0 = Debug|Any CPU
		{30881833-F596-49C8-96E1-B46811A832F1}.Release|Any CPU.ActiveCfg = Release|Any CPU
		{30881833-F596-49C8-96E1-B46811A832F1}.Release|Any CPU.Build.0 = Release|Any CPU
		{1EA97DF6-FE61-4169-8521-BBF3ACD492F0}.Debug|Any CPU.ActiveCfg = Debug|Any CPU
		{1EA97DF6-FE61-4169-8521-BBF3ACD492F0}.Debug|Any CPU.Build.0 = Debug|Any CPU
		{1EA97DF6-FE61-4169-8521-BBF3ACD492F0}.Release|Any CPU.ActiveCfg = Release|Any CPU
		{1EA97DF6-FE61-4169-8521-BBF3ACD492F0}.Release|Any CPU.Build.0 = Release|Any CPU
		{91B4E7B2-4165-4DE5-B691-B4104AFE09B5}.Debug|Any CPU.ActiveCfg = Debug|Any CPU
		{91B4E7B2-4165-4DE5-B691-B4104AFE09B5}.Debug|Any CPU.Build.0 = Debug|Any CPU
		{91B4E7B2-4165-4DE5-B691-B4104AFE09B5}.Release|Any CPU.ActiveCfg = Release|Any CPU
		{91B4E7B2-4165-4DE5-B691-B4104AFE09B5}.Release|Any CPU.Build.0 = Release|Any CPU
		{6EFDD864-BF03-4BBA-9A75-617EF94B282B}.Debug|Any CPU.ActiveCfg = Debug|Any CPU
		{6EFDD864-BF03-4BBA-9A75-617EF94B282B}.Debug|Any CPU.Build.0 = Debug|Any CPU
		{6EFDD864-BF03-4BBA-9A75-617EF94B282B}.Release|Any CPU.ActiveCfg = Release|Any CPU
		{6EFDD864-BF03-4BBA-9A75-617EF94B282B}.Release|Any CPU.Build.0 = Release|Any CPU
		{C1872F5B-28AC-4432-BAA2-D211774AC1DB}.Debug|Any CPU.ActiveCfg = Debug|Any CPU
		{C1872F5B-28AC-4432-BAA2-D211774AC1DB}.Debug|Any CPU.Build.0 = Debug|Any CPU
		{C1872F5B-28AC-4432-BAA2-D211774AC1DB}.Release|Any CPU.ActiveCfg = Release|Any CPU
		{C1872F5B-28AC-4432-BAA2-D211774AC1DB}.Release|Any CPU.Build.0 = Release|Any CPU
		{42A87FD7-E30D-4424-A3DA-2AF1C5D065BA}.Debug|Any CPU.ActiveCfg = Debug|Any CPU
		{42A87FD7-E30D-4424-A3DA-2AF1C5D065BA}.Debug|Any CPU.Build.0 = Debug|Any CPU
		{42A87FD7-E30D-4424-A3DA-2AF1C5D065BA}.Release|Any CPU.ActiveCfg = Release|Any CPU
		{42A87FD7-E30D-4424-A3DA-2AF1C5D065BA}.Release|Any CPU.Build.0 = Release|Any CPU
		{4757B48D-0046-4351-BD2E-F1D8D6AFE1D2}.Debug|Any CPU.ActiveCfg = Debug|Any CPU
		{4757B48D-0046-4351-BD2E-F1D8D6AFE1D2}.Debug|Any CPU.Build.0 = Debug|Any CPU
		{4757B48D-0046-4351-BD2E-F1D8D6AFE1D2}.Release|Any CPU.ActiveCfg = Release|Any CPU
		{4757B48D-0046-4351-BD2E-F1D8D6AFE1D2}.Release|Any CPU.Build.0 = Release|Any CPU
		{AAFBC5A8-F55F-45B8-9388-626EA3DA0851}.Debug|Any CPU.ActiveCfg = Debug|Any CPU
		{AAFBC5A8-F55F-45B8-9388-626EA3DA0851}.Debug|Any CPU.Build.0 = Debug|Any CPU
		{AAFBC5A8-F55F-45B8-9388-626EA3DA0851}.Release|Any CPU.ActiveCfg = Release|Any CPU
		{AAFBC5A8-F55F-45B8-9388-626EA3DA0851}.Release|Any CPU.Build.0 = Release|Any CPU
		{2C4100DA-5AFB-4201-862F-6C28AE7679FA}.Debug|Any CPU.ActiveCfg = Debug|Any CPU
		{2C4100DA-5AFB-4201-862F-6C28AE7679FA}.Debug|Any CPU.Build.0 = Debug|Any CPU
		{2C4100DA-5AFB-4201-862F-6C28AE7679FA}.Release|Any CPU.ActiveCfg = Release|Any CPU
		{2C4100DA-5AFB-4201-862F-6C28AE7679FA}.Release|Any CPU.Build.0 = Release|Any CPU
		{EC0D42B8-31F4-4921-8166-0B7FEE6BF761}.Debug|Any CPU.ActiveCfg = Debug|Any CPU
		{EC0D42B8-31F4-4921-8166-0B7FEE6BF761}.Debug|Any CPU.Build.0 = Debug|Any CPU
		{EC0D42B8-31F4-4921-8166-0B7FEE6BF761}.Release|Any CPU.ActiveCfg = Release|Any CPU
		{EC0D42B8-31F4-4921-8166-0B7FEE6BF761}.Release|Any CPU.Build.0 = Release|Any CPU
		{04993293-7CE1-43EF-AE17-DFA20A484F62}.Debug|Any CPU.ActiveCfg = Debug|Any CPU
		{04993293-7CE1-43EF-AE17-DFA20A484F62}.Debug|Any CPU.Build.0 = Debug|Any CPU
		{04993293-7CE1-43EF-AE17-DFA20A484F62}.Release|Any CPU.ActiveCfg = Release|Any CPU
		{04993293-7CE1-43EF-AE17-DFA20A484F62}.Release|Any CPU.Build.0 = Release|Any CPU
	EndGlobalSection
	GlobalSection(SolutionProperties) = preSolution
		HideSolutionNode = FALSE
	EndGlobalSection
EndGlobal
